{
  "name": "@alexwilson/gatsby-remark-rewrite-images",
  "version": "1.0.0",
  "lockfileVersion": 2,
  "requires": true,
  "packages": {
    "": {
      "name": "@alexwilson/gatsby-remark-rewrite-images",
      "version": "1.0.0",
      "license": "private",
      "dependencies": {
        "unist-util-visit": "^2.0.3"
      },
      "peerDependencies": {
        "gatsby": ">2.0.0-alpha"
      }
    },
    "node_modules/@types/unist": {
      "version": "2.0.3",
      "resolved": "https://registry.npmjs.org/@types/unist/-/unist-2.0.3.tgz",
      "integrity": "sha512-FvUupuM3rlRsRtCN+fDudtmytGO6iHJuuRKS1Ss0pG5z8oX0diNEw94UEL7hgDbpN94rgaK5R7sWm6RrSkZuAQ=="
    },
    "node_modules/unist-util-is": {
      "version": "4.1.0",
      "resolved": "https://registry.npmjs.org/unist-util-is/-/unist-util-is-4.1.0.tgz",
      "integrity": "sha512-ZOQSsnce92GrxSqlnEEseX0gi7GH9zTJZ0p9dtu87WRb/37mMPO2Ilx1s/t9vBHrFhbgweUwb+t7cIn5dxPhZg==",
      "funding": {
        "type": "opencollective",
        "url": "https://opencollective.com/unified"
      }
    },
    "node_modules/unist-util-visit": {
      "version": "2.0.3",
      "resolved": "https://registry.npmjs.org/unist-util-visit/-/unist-util-visit-2.0.3.tgz",
      "integrity": "sha512-iJ4/RczbJMkD0712mGktuGpm/U4By4FfDonL7N/9tATGIF4imikjOuagyMY53tnZq3NP6BcmlrHhEKAfGWjh7Q==",
      "dependencies": {
        "@types/unist": "^2.0.0",
        "unist-util-is": "^4.0.0",
        "unist-util-visit-parents": "^3.0.0"
      },
      "funding": {
        "type": "opencollective",
        "url": "https://opencollective.com/unified"
      }
    },
    "node_modules/unist-util-visit-parents": {
      "version": "3.1.1",
      "resolved": "https://registry.npmjs.org/unist-util-visit-parents/-/unist-util-visit-parents-3.1.1.tgz",
      "integrity": "sha512-1KROIZWo6bcMrZEwiH2UrXDyalAa0uqzWCxCJj6lPOvTve2WkfgCytoDTPaMnodXh1WrXOq0haVYHj99ynJlsg==",
      "dependencies": {
        "@types/unist": "^2.0.0",
        "unist-util-is": "^4.0.0"
      },
      "funding": {
        "type": "opencollective",
        "url": "https://opencollective.com/unified"
      }
    }
  },
  "dependencies": {
    "@types/unist": {
      "version": "2.0.3",
      "resolved": "https://registry.npmjs.org/@types/unist/-/unist-2.0.3.tgz",
      "integrity": "sha512-FvUupuM3rlRsRtCN+fDudtmytGO6iHJuuRKS1Ss0pG5z8oX0diNEw94UEL7hgDbpN94rgaK5R7sWm6RrSkZuAQ=="
    },
    "unist-util-is": {
      "version": "4.1.0",
      "resolved": "https://registry.npmjs.org/unist-util-is/-/unist-util-is-4.1.0.tgz",
      "integrity": "sha512-ZOQSsnce92GrxSqlnEEseX0gi7GH9zTJZ0p9dtu87WRb/37mMPO2Ilx1s/t9vBHrFhbgweUwb+t7cIn5dxPhZg=="
    },
    "unist-util-visit": {
      "version": "2.0.3",
      "resolved": "https://registry.npmjs.org/unist-util-visit/-/unist-util-visit-2.0.3.tgz",
      "integrity": "sha512-iJ4/RczbJMkD0712mGktuGpm/U4By4FfDonL7N/9tATGIF4imikjOuagyMY53tnZq3NP6BcmlrHhEKAfGWjh7Q==",
      "requires": {
        "@types/unist": "^2.0.0",
        "unist-util-is": "^4.0.0",
        "unist-util-visit-parents": "^3.0.0"
      }
    },
    "unist-util-visit-parents": {
      "version": "3.1.1",
      "resolved": "https://registry.npmjs.org/unist-util-visit-parents/-/unist-util-visit-parents-3.1.1.tgz",
      "integrity": "sha512-1KROIZWo6bcMrZEwiH2UrXDyalAa0uqzWCxCJj6lPOvTve2WkfgCytoDTPaMnodXh1WrXOq0haVYHj99ynJlsg==",
      "requires": {
        "@types/unist": "^2.0.0",
        "unist-util-is": "^4.0.0"
      }
    }
  }
}
